
Microsoft Visual Studio Solution File, Format Version 12.00
# Visual Studio Version 16
VisualStudioVersion = 16.0.28922.388
MinimumVisualStudioVersion = 10.0.40219.1
Project("{FAE04EC0-301F-11D3-BF4B-00C04F79EFBC}") = "Theatre.Web", "Theatre.Web\Theatre.Web.csproj", "{D9D73988-357F-4519-B61A-9E8DD263AFE6}"
EndProject
Global
	GlobalSection(SolutionConfigurationPlatforms) = preSolution
		Debug|Any CPU = Debug|Any CPU
		Release|Any CPU = Release|Any CPU
	EndGlobalSection
	GlobalSection(ProjectConfigurationPlatforms) = postSolution
		{D9D73988-357F-4519-B61A-9E8DD263AFE6}.Debug|Any CPU.ActiveCfg = Debug|Any CPU
		{D9D73988-357F-4519-B61A-9E8DD263AFE6}.Debug|Any CPU.Build.0 = Debug|Any CPU
		{D9D73988-357F-4519-B61A-9E8DD263AFE6}.Release|Any CPU.ActiveCfg = Release|Any CPU
		{D9D73988-357F-4519-B61A-9E8DD263AFE6}.Release|Any CPU.Build.0 = Release|Any CPU
	EndGlobalSection
	GlobalSection(SolutionProperties) = preSolution
		HideSolutionNode = FALSE
	EndGlobalSection
	GlobalSection(ExtensibilityGlobals) = postSolution
		SolutionGuid = {F62587B6-40F4-464A-BA34-5757924169BE}
	EndGlobalSection
EndGlobal
